<?xml version="1.0" encoding="UTF-8" standalone="yes" ?>
<CodeBlocks_project_file>
	<FileVersion major="1" minor="6" />
	<Project>
		<Option title="MDBCB" />
		<Option pch_mode="2" />
		<Option compiler="gcc" />
		<Option virtualFolders="SourceCode\;" />
		<Build>
			<Target title="Debug">
				<Option output="bin/Debug/MDBCB" prefix_auto="1" extension_auto="1" />
				<Option object_output="obj/Debug/" />
				<Option type="1" />
				<Option compiler="gcc" />
				<Compiler>
					<Add option="-g" />
					<Add directory="SourceCode/tablesystem/Page" />
					<Add directory="SourceCode/tablesystem/Table" />
					<Add directory="SourceCode/tablesystem/Index/TreeIndex" />
					<Add directory="SourceCode/tablesystem/Index/HashIndex" />
					<Add directory="SourceCode/tablesystem/Filter" />
				</Compiler>
			</Target>
			<Target title="Release">
				<Option output="bin/Release/MDBCB" prefix_auto="1" extension_auto="1" />
				<Option object_output="obj/Release/" />
				<Option type="1" />
				<Option compiler="gcc" />
				<Compiler>
					<Add option="-O2" />
					<Add directory="SourceCode/tablesystem/Page" />
					<Add directory="SourceCode/tablesystem/Table" />
					<Add directory="SourceCode/tablesystem/Index/TreeIndex" />
					<Add directory="SourceCode/tablesystem/Index/HashIndex" />
					<Add directory="SourceCode/tablesystem/Filter" />
				</Compiler>
				<Linker>
					<Add option="-s" />
				</Linker>
			</Target>
		</Build>
		<Compiler>
			<Add option="-Wall" />
		</Compiler>
		<Unit filename="SourceCode/DatabaseManager.h">
			<Option target="Release" />
		</Unit>
		<Unit filename="SourceCode/filesystem/ByteBufBase.h">
			<Option target="&lt;{~None~}&gt;" />
		</Unit>
		<Unit filename="SourceCode/filesystem/OneFileManager.h">
			<Option target="&lt;{~None~}&gt;" />
		</Unit>
		<Unit filename="SourceCode/filesystem/TestFileSystem.h">
			<Option target="&lt;{~None~}&gt;" />
		</Unit>
		<Unit filename="SourceCode/filesystem/bufmanager/BufPageManager.h">
			<Option target="&lt;{~None~}&gt;" />
		</Unit>
		<Unit filename="SourceCode/filesystem/bufmanager/FindReplace.h">
			<Option target="&lt;{~None~}&gt;" />
		</Unit>
		<Unit filename="SourceCode/filesystem/fileio/FileManager.h">
			<Option target="&lt;{~None~}&gt;" />
		</Unit>
		<Unit filename="SourceCode/filesystem/fileio/FileTable.h">
			<Option target="&lt;{~None~}&gt;" />
		</Unit>
		<Unit filename="SourceCode/filesystem/utils/MyBitMap.h">
			<Option target="&lt;{~None~}&gt;" />
		</Unit>
		<Unit filename="SourceCode/filesystem/utils/MyHashMap.h">
			<Option target="&lt;{~None~}&gt;" />
		</Unit>
		<Unit filename="SourceCode/filesystem/utils/MyLinkList.h">
			<Option target="&lt;{~None~}&gt;" />
		</Unit>
		<Unit filename="SourceCode/filesystem/utils/compare.h">
			<Option target="&lt;{~None~}&gt;" />
		</Unit>
		<Unit filename="SourceCode/filesystem/utils/pagedef.h">
			<Option target="&lt;{~None~}&gt;" />
		</Unit>
		<Unit filename="SourceCode/shellsystem/ShellAssistant.h" />
		<Unit filename="SourceCode/shellsystem/ShellClass.h" />
		<Unit filename="SourceCode/shellsystem/ShellLexerAssistant.h" />
		<Unit filename="SourceCode/shellsystem/frontend/SQLLexer.l">
			<Option compile="1" />
			<Option target="&lt;{~None~}&gt;" />
		</Unit>
		<Unit filename="SourceCode/shellsystem/frontend/SQLParser.cpp" />
		<Unit filename="SourceCode/shellsystem/frontend/SQLParser.hpp">
			<Option target="&lt;{~None~}&gt;" />
		</Unit>
		<Unit filename="SourceCode/shellsystem/frontend/SQLParser.y">
			<Option compile="1" />
			<Option target="&lt;{~None~}&gt;" />
		</Unit>
		<Unit filename="SourceCode/shellsystem/frontend/lex.yy.c">
			<Option compilerVar="CC" />
			<Option target="&lt;{~None~}&gt;" />
		</Unit>
		<Unit filename="SourceCode/tablesystem/Filter/Calculator.cpp">
			<Option target="&lt;{~None~}&gt;" />
		</Unit>
		<Unit filename="SourceCode/tablesystem/Filter/Calculator.h">
			<Option target="&lt;{~None~}&gt;" />
		</Unit>
		<Unit filename="SourceCode/tablesystem/Filter/Filter.h">
			<Option target="&lt;{~None~}&gt;" />
		</Unit>
		<Unit filename="SourceCode/tablesystem/Index/BaseIndex.h">
			<Option target="&lt;{~None~}&gt;" />
		</Unit>
		<Unit filename="SourceCode/tablesystem/Index/HashIndex/HashBucket.h">
			<Option target="&lt;{~None~}&gt;" />
		</Unit>
		<Unit filename="SourceCode/tablesystem/Index/HashIndex/HashClassifier.h">
			<Option target="&lt;{~None~}&gt;" />
		</Unit>
		<Unit filename="SourceCode/tablesystem/Index/HashIndex/HashIndex.h">
			<Option target="&lt;{~None~}&gt;" />
		</Unit>
		<Unit filename="SourceCode/tablesystem/Index/HashIndex/HashIterator.h">
			<Option target="&lt;{~None~}&gt;" />
		</Unit>
		<Unit filename="SourceCode/tablesystem/Index/HashIndex/HashKeyCell.h">
			<Option target="&lt;{~None~}&gt;" />
		</Unit>
		<Unit filename="SourceCode/tablesystem/Index/IndexManager.h">
			<Option target="&lt;{~None~}&gt;" />
		</Unit>
		<Unit filename="SourceCode/tablesystem/Index/IndexStructure.h">
			<Option target="&lt;{~None~}&gt;" />
		</Unit>
		<Unit filename="SourceCode/tablesystem/Index/TreeIndex/TreeIndex.h">
			<Option target="&lt;{~None~}&gt;" />
		</Unit>
		<Unit filename="SourceCode/tablesystem/Index/TreeIndex/TreeIterator.h">
			<Option target="&lt;{~None~}&gt;" />
		</Unit>
		<Unit filename="SourceCode/tablesystem/Index/TreeIndex/TreeNode.h">
			<Option target="&lt;{~None~}&gt;" />
		</Unit>
		<Unit filename="SourceCode/tablesystem/Index/TreeIndex/TreeNodeKeyCell.h">
			<Option target="&lt;{~None~}&gt;" />
		</Unit>
		<Unit filename="SourceCode/tablesystem/Page/TablePage.h">
			<Option target="&lt;{~None~}&gt;" />
		</Unit>
		<Unit filename="SourceCode/tablesystem/Page/TablePageAssistant.h">
			<Option target="&lt;{~None~}&gt;" />
		</Unit>
		<Unit filename="SourceCode/tablesystem/Page/TablePageAssistantItem.h">
			<Option target="&lt;{~None~}&gt;" />
		</Unit>
		<Unit filename="SourceCode/tablesystem/Page/TablePageFooter.h">
			<Option target="&lt;{~None~}&gt;" />
		</Unit>
		<Unit filename="SourceCode/tablesystem/Page/TablePageHeader.h">
			<Option target="&lt;{~None~}&gt;" />
		</Unit>
		<Unit filename="SourceCode/tablesystem/TableManager.h">
			<Option target="&lt;{~None~}&gt;" />
		</Unit>
		<Unit filename="SourceCode/tablesystem/Table/Table.h">
			<Option target="&lt;{~None~}&gt;" />
		</Unit>
		<Unit filename="SourceCode/tablesystem/Table/TableColumn.h">
			<Option target="&lt;{~None~}&gt;" />
		</Unit>
		<Unit filename="SourceCode/tablesystem/Table/TableDataType.h">
			<Option target="&lt;{~None~}&gt;" />
		</Unit>
		<Unit filename="SourceCode/tablesystem/Table/TableGrid.h">
			<Option target="&lt;{~None~}&gt;" />
		</Unit>
		<Unit filename="SourceCode/tablesystem/Table/TableHeader.cpp">
			<Option target="&lt;{~None~}&gt;" />
		</Unit>
		<Unit filename="SourceCode/tablesystem/Table/TableHeader.h">
			<Option target="&lt;{~None~}&gt;" />
		</Unit>
		<Unit filename="SourceCode/tablesystem/Table/TableIterator.h" />
		<Unit filename="SourceCode/tablesystem/Table/TableRow.h">
			<Option target="&lt;{~None~}&gt;" />
		</Unit>
		<Unit filename="SourceCode/tablesystem/TestTableIndex.h">
			<Option target="&lt;{~None~}&gt;" />
		</Unit>
		<Unit filename="SourceCode/tablesystem/TestTableSystem.h">
			<Option target="&lt;{~None~}&gt;" />
		</Unit>
		<Extensions>
			<DoxyBlocks>
				<comment_style block="0" line="0" />
				<doxyfile_project output_language="" />
				<doxyfile_build />
				<doxyfile_warnings />
				<doxyfile_output />
				<doxyfile_dot />
				<general />
			</DoxyBlocks>
			<code_completion />
			<envvars />
			<debugger />
			<lib_finder disable_auto="1" />
		</Extensions>
	</Project>
</CodeBlocks_project_file>
